// !$*UTF8*$!
{
	archiveVersion = 1;
	classes = {
	};
	objectVersion = 56;
	objects = {

/* Begin PBXBuildFile section */
		7609F99A2BD1D69300C762A7 /* Travel_JournalApp.swift in Sources */ = {isa = PBXBuildFile; fileRef = 7609F9992BD1D69300C762A7 /* Travel_JournalApp.swift */; };
		7609F99C2BD1D69300C762A7 /* ContentView.swift in Sources */ = {isa = PBXBuildFile; fileRef = 7609F99B2BD1D69300C762A7 /* ContentView.swift */; };
		7609F99E2BD1D69500C762A7 /* Assets.xcassets in Resources */ = {isa = PBXBuildFile; fileRef = 7609F99D2BD1D69500C762A7 /* Assets.xcassets */; };
		7609F9A12BD1D69500C762A7 /* Preview Assets.xcassets in Resources */ = {isa = PBXBuildFile; fileRef = 7609F9A02BD1D69500C762A7 /* Preview Assets.xcassets */; };
		7609F9A82BD1D6B200C762A7 /* Models.swift in Sources */ = {isa = PBXBuildFile; fileRef = 7609F9A72BD1D6B200C762A7 /* Models.swift */; };
		7609F9AB2BD1D89C00C762A7 /* Lottie in Frameworks */ = {isa = PBXBuildFile; productRef = 7609F9AA2BD1D89C00C762A7 /* Lottie */; };
		7609F9AE2BD1DAF200C762A7 /* FirebaseFirestore in Frameworks */ = {isa = PBXBuildFile; productRef = 7609F9AD2BD1DAF200C762A7 /* FirebaseFirestore */; };
		7609F9B02BD1DAF200C762A7 /* FirebaseStorage in Frameworks */ = {isa = PBXBuildFile; productRef = 7609F9AF2BD1DAF200C762A7 /* FirebaseStorage */; };
		7609F9B22BD1DB6D00C762A7 /* AddJournalEntry.swift in Sources */ = {isa = PBXBuildFile; fileRef = 7609F9B12BD1DB6D00C762A7 /* AddJournalEntry.swift */; };
		7609F9B42BD1DB8800C762A7 /* AddJournalHighlight.swift in Sources */ = {isa = PBXBuildFile; fileRef = 7609F9B32BD1DB8800C762A7 /* AddJournalHighlight.swift */; };
		7609F9B62BD1DBB200C762A7 /* AllJournalEntriesList.swift in Sources */ = {isa = PBXBuildFile; fileRef = 7609F9B52BD1DBB200C762A7 /* AllJournalEntriesList.swift */; };
		7609F9B82BD1DBC100C762A7 /* JournalEntryDetails.swift in Sources */ = {isa = PBXBuildFile; fileRef = 7609F9B72BD1DBC100C762A7 /* JournalEntryDetails.swift */; };
		7609F9BA2BD1DC7200C762A7 /* JournalRepository.swift in Sources */ = {isa = PBXBuildFile; fileRef = 7609F9B92BD1DC7200C762A7 /* JournalRepository.swift */; };
		7609F9BC2BD1DC8300C762A7 /* JournalViewModel.swift in Sources */ = {isa = PBXBuildFile; fileRef = 7609F9BB2BD1DC8300C762A7 /* JournalViewModel.swift */; };
		7609F9BE2BD1EB9300C762A7 /* LottieAnimatons.swift in Sources */ = {isa = PBXBuildFile; fileRef = 7609F9BD2BD1EB9300C762A7 /* LottieAnimatons.swift */; };
		7609F9C02BD1EBF900C762A7 /* FullSizeLottieAnimations.swift in Sources */ = {isa = PBXBuildFile; fileRef = 7609F9BF2BD1EBF900C762A7 /* FullSizeLottieAnimations.swift */; };
		7609F9C22BD1EDAD00C762A7 /* GoogleService-Info.plist in Resources */ = {isa = PBXBuildFile; fileRef = 7609F9C12BD1EDAD00C762A7 /* GoogleService-Info.plist */; };
		7609F9C42BD1EE4700C762A7 /* FullSizeLottieButtonAnimations.swift in Sources */ = {isa = PBXBuildFile; fileRef = 7609F9C32BD1EE4700C762A7 /* FullSizeLottieButtonAnimations.swift */; };
		7609F9C62BD1F29800C762A7 /* IndividualJournalEntryCard.swift in Sources */ = {isa = PBXBuildFile; fileRef = 7609F9C52BD1F29800C762A7 /* IndividualJournalEntryCard.swift */; };
		763DFCA02BD7C23800D9D8AE /* HighlightImagesDialog.swift in Sources */ = {isa = PBXBuildFile; fileRef = 763DFC9F2BD7C23800D9D8AE /* HighlightImagesDialog.swift */; };
		763DFCA22BD7E28800D9D8AE /* RootAppNavigation.swift in Sources */ = {isa = PBXBuildFile; fileRef = 763DFCA12BD7E28800D9D8AE /* RootAppNavigation.swift */; };
		763DFCA42BD7E30B00D9D8AE /* MainAppSettingsScreen.swift in Sources */ = {isa = PBXBuildFile; fileRef = 763DFCA32BD7E30B00D9D8AE /* MainAppSettingsScreen.swift */; };
		763DFCA62BD7E8ED00D9D8AE /* SettingsItemCard.swift in Sources */ = {isa = PBXBuildFile; fileRef = 763DFCA52BD7E8ED00D9D8AE /* SettingsItemCard.swift */; };
		7680D95C2BD746C200989757 /* AddingNewHighlightWidget.swift in Sources */ = {isa = PBXBuildFile; fileRef = 7680D95B2BD746C200989757 /* AddingNewHighlightWidget.swift */; };
		768F277B2BD3F340009649A0 /* PhotosPickerService.swift in Sources */ = {isa = PBXBuildFile; fileRef = 768F277A2BD3F340009649A0 /* PhotosPickerService.swift */; };
		768F277D2BD4002A009649A0 /* AddHighlightLocation.swift in Sources */ = {isa = PBXBuildFile; fileRef = 768F277C2BD4002A009649A0 /* AddHighlightLocation.swift */; };
		768F277F2BD43BA8009649A0 /* JournalEntryHighlightsSheet.swift in Sources */ = {isa = PBXBuildFile; fileRef = 768F277E2BD43BA8009649A0 /* JournalEntryHighlightsSheet.swift */; };
		768F27812BD43BD0009649A0 /* EntryHighlightCard.swift in Sources */ = {isa = PBXBuildFile; fileRef = 768F27802BD43BD0009649A0 /* EntryHighlightCard.swift */; };
		76DFC7ED2BD299E300C77528 /* GeoLocationService.swift in Sources */ = {isa = PBXBuildFile; fileRef = 76DFC7EC2BD299E300C77528 /* GeoLocationService.swift */; };
/* End PBXBuildFile section */

/* Begin PBXFileReference section */
		7609F9962BD1D69300C762A7 /* Travel Journal.app */ = {isa = PBXFileReference; explicitFileType = wrapper.application; includeInIndex = 0; path = "Travel Journal.app"; sourceTree = BUILT_PRODUCTS_DIR; };
		7609F9992BD1D69300C762A7 /* Travel_JournalApp.swift */ = {isa = PBXFileReference; lastKnownFileType = sourcecode.swift; path = Travel_JournalApp.swift; sourceTree = "<group>"; };
		7609F99B2BD1D69300C762A7 /* ContentView.swift */ = {isa = PBXFileReference; lastKnownFileType = sourcecode.swift; path = ContentView.swift; sourceTree = "<group>"; };
		7609F99D2BD1D69500C762A7 /* Assets.xcassets */ = {isa = PBXFileReference; lastKnownFileType = folder.assetcatalog; path = Assets.xcassets; sourceTree = "<group>"; };
		7609F9A02BD1D69500C762A7 /* Preview Assets.xcassets */ = {isa = PBXFileReference; lastKnownFileType = folder.assetcatalog; path = "Preview Assets.xcassets"; sourceTree = "<group>"; };
		7609F9A72BD1D6B200C762A7 /* Models.swift */ = {isa = PBXFileReference; lastKnownFileType = sourcecode.swift; path = Models.swift; sourceTree = "<group>"; };
		7609F9B12BD1DB6D00C762A7 /* AddJournalEntry.swift */ = {isa = PBXFileReference; lastKnownFileType = sourcecode.swift; path = AddJournalEntry.swift; sourceTree = "<group>"; };
		7609F9B32BD1DB8800C762A7 /* AddJournalHighlight.swift */ = {isa = PBXFileReference; lastKnownFileType = sourcecode.swift; path = AddJournalHighlight.swift; sourceTree = "<group>"; };
		7609F9B52BD1DBB200C762A7 /* AllJournalEntriesList.swift */ = {isa = PBXFileReference; lastKnownFileType = sourcecode.swift; path = AllJournalEntriesList.swift; sourceTree = "<group>"; };
		7609F9B72BD1DBC100C762A7 /* JournalEntryDetails.swift */ = {isa = PBXFileReference; lastKnownFileType = sourcecode.swift; path = JournalEntryDetails.swift; sourceTree = "<group>"; };
		7609F9B92BD1DC7200C762A7 /* JournalRepository.swift */ = {isa = PBXFileReference; lastKnownFileType = sourcecode.swift; path = JournalRepository.swift; sourceTree = "<group>"; };
		7609F9BB2BD1DC8300C762A7 /* JournalViewModel.swift */ = {isa = PBXFileReference; lastKnownFileType = sourcecode.swift; path = JournalViewModel.swift; sourceTree = "<group>"; };
		7609F9BD2BD1EB9300C762A7 /* LottieAnimatons.swift */ = {isa = PBXFileReference; lastKnownFileType = sourcecode.swift; path = LottieAnimatons.swift; sourceTree = "<group>"; };
		7609F9BF2BD1EBF900C762A7 /* FullSizeLottieAnimations.swift */ = {isa = PBXFileReference; lastKnownFileType = sourcecode.swift; path = FullSizeLottieAnimations.swift; sourceTree = "<group>"; };
		7609F9C12BD1EDAD00C762A7 /* GoogleService-Info.plist */ = {isa = PBXFileReference; fileEncoding = 4; lastKnownFileType = text.plist.xml; path = "GoogleService-Info.plist"; sourceTree = "<group>"; };
		7609F9C32BD1EE4700C762A7 /* FullSizeLottieButtonAnimations.swift */ = {isa = PBXFileReference; lastKnownFileType = sourcecode.swift; path = FullSizeLottieButtonAnimations.swift; sourceTree = "<group>"; };
		7609F9C52BD1F29800C762A7 /* IndividualJournalEntryCard.swift */ = {isa = PBXFileReference; lastKnownFileType = sourcecode.swift; path = IndividualJournalEntryCard.swift; sourceTree = "<group>"; };
		763DFC9F2BD7C23800D9D8AE /* HighlightImagesDialog.swift */ = {isa = PBXFileReference; lastKnownFileType = sourcecode.swift; path = HighlightImagesDialog.swift; sourceTree = "<group>"; };
		763DFCA12BD7E28800D9D8AE /* RootAppNavigation.swift */ = {isa = PBXFileReference; lastKnownFileType = sourcecode.swift; path = RootAppNavigation.swift; sourceTree = "<group>"; };
		763DFCA32BD7E30B00D9D8AE /* MainAppSettingsScreen.swift */ = {isa = PBXFileReference; lastKnownFileType = sourcecode.swift; path = MainAppSettingsScreen.swift; sourceTree = "<group>"; };
		763DFCA52BD7E8ED00D9D8AE /* SettingsItemCard.swift */ = {isa = PBXFileReference; lastKnownFileType = sourcecode.swift; path = SettingsItemCard.swift; sourceTree = "<group>"; };
		7680D95B2BD746C200989757 /* AddingNewHighlightWidget.swift */ = {isa = PBXFileReference; lastKnownFileType = sourcecode.swift; path = AddingNewHighlightWidget.swift; sourceTree = "<group>"; };
		768F277A2BD3F340009649A0 /* PhotosPickerService.swift */ = {isa = PBXFileReference; lastKnownFileType = sourcecode.swift; path = PhotosPickerService.swift; sourceTree = "<group>"; };
		768F277C2BD4002A009649A0 /* AddHighlightLocation.swift */ = {isa = PBXFileReference; lastKnownFileType = sourcecode.swift; path = AddHighlightLocation.swift; sourceTree = "<group>"; };
		768F277E2BD43BA8009649A0 /* JournalEntryHighlightsSheet.swift */ = {isa = PBXFileReference; lastKnownFileType = sourcecode.swift; path = JournalEntryHighlightsSheet.swift; sourceTree = "<group>"; };
		768F27802BD43BD0009649A0 /* EntryHighlightCard.swift */ = {isa = PBXFileReference; lastKnownFileType = sourcecode.swift; path = EntryHighlightCard.swift; sourceTree = "<group>"; };
		76DFC7EC2BD299E300C77528 /* GeoLocationService.swift */ = {isa = PBXFileReference; lastKnownFileType = sourcecode.swift; path = GeoLocationService.swift; sourceTree = "<group>"; };
/* End PBXFileReference section */

/* Begin PBXFrameworksBuildPhase section */
		7609F9932BD1D69300C762A7 /* Frameworks */ = {
			isa = PBXFrameworksBuildPhase;
			buildActionMask = 2147483647;
			files = (
				7609F9AB2BD1D89C00C762A7 /* Lottie in Frameworks */,
				7609F9AE2BD1DAF200C762A7 /* FirebaseFirestore in Frameworks */,
				7609F9B02BD1DAF200C762A7 /* FirebaseStorage in Frameworks */,
			);
			runOnlyForDeploymentPostprocessing = 0;
		};
/* End PBXFrameworksBuildPhase section */

/* Begin PBXGroup section */
		7609F98D2BD1D69300C762A7 = {
			isa = PBXGroup;
			children = (
				7609F9982BD1D69300C762A7 /* Travel Journal */,
				7609F9972BD1D69300C762A7 /* Products */,
			);
			sourceTree = "<group>";
		};
		7609F9972BD1D69300C762A7 /* Products */ = {
			isa = PBXGroup;
			children = (
				7609F9962BD1D69300C762A7 /* Travel Journal.app */,
			);
			name = Products;
			sourceTree = "<group>";
		};
		7609F9982BD1D69300C762A7 /* Travel Journal */ = {
			isa = PBXGroup;
			children = (
				7609F9C12BD1EDAD00C762A7 /* GoogleService-Info.plist */,
				7609F9992BD1D69300C762A7 /* Travel_JournalApp.swift */,
				7609F99B2BD1D69300C762A7 /* ContentView.swift */,
				7609F99D2BD1D69500C762A7 /* Assets.xcassets */,
				7609F99F2BD1D69500C762A7 /* Preview Content */,
				7609F9A72BD1D6B200C762A7 /* Models.swift */,
				7609F9B12BD1DB6D00C762A7 /* AddJournalEntry.swift */,
				7609F9B32BD1DB8800C762A7 /* AddJournalHighlight.swift */,
				7609F9B52BD1DBB200C762A7 /* AllJournalEntriesList.swift */,
				7609F9B72BD1DBC100C762A7 /* JournalEntryDetails.swift */,
				7609F9B92BD1DC7200C762A7 /* JournalRepository.swift */,
				7609F9BB2BD1DC8300C762A7 /* JournalViewModel.swift */,
				7609F9BD2BD1EB9300C762A7 /* LottieAnimatons.swift */,
				7609F9BF2BD1EBF900C762A7 /* FullSizeLottieAnimations.swift */,
				7609F9C32BD1EE4700C762A7 /* FullSizeLottieButtonAnimations.swift */,
				7609F9C52BD1F29800C762A7 /* IndividualJournalEntryCard.swift */,
				76DFC7EC2BD299E300C77528 /* GeoLocationService.swift */,
				768F277A2BD3F340009649A0 /* PhotosPickerService.swift */,
				768F277C2BD4002A009649A0 /* AddHighlightLocation.swift */,
				768F277E2BD43BA8009649A0 /* JournalEntryHighlightsSheet.swift */,
				768F27802BD43BD0009649A0 /* EntryHighlightCard.swift */,
				7680D95B2BD746C200989757 /* AddingNewHighlightWidget.swift */,
				763DFC9F2BD7C23800D9D8AE /* HighlightImagesDialog.swift */,
				763DFCA12BD7E28800D9D8AE /* RootAppNavigation.swift */,
				763DFCA32BD7E30B00D9D8AE /* MainAppSettingsScreen.swift */,
				763DFCA52BD7E8ED00D9D8AE /* SettingsItemCard.swift */,
			);
			path = "Travel Journal";
			sourceTree = "<group>";
		};
		7609F99F2BD1D69500C762A7 /* Preview Content */ = {
			isa = PBXGroup;
			children = (
				7609F9A02BD1D69500C762A7 /* Preview Assets.xcassets */,
			);
			path = "Preview Content";
			sourceTree = "<group>";
		};
/* End PBXGroup section */

/* Begin PBXNativeTarget section */
		7609F9952BD1D69300C762A7 /* Travel Journal */ = {
			isa = PBXNativeTarget;
			buildConfigurationList = 7609F9A42BD1D69500C762A7 /* Build configuration list for PBXNativeTarget "Travel Journal" */;
			buildPhases = (
				7609F9922BD1D69300C762A7 /* Sources */,
				7609F9932BD1D69300C762A7 /* Frameworks */,
				7609F9942BD1D69300C762A7 /* Resources */,
			);
			buildRules = (
			);
			dependencies = (
			);
			name = "Travel Journal";
			packageProductDependencies = (
				7609F9AA2BD1D89C00C762A7 /* Lottie */,
				7609F9AD2BD1DAF200C762A7 /* FirebaseFirestore */,
				7609F9AF2BD1DAF200C762A7 /* FirebaseStorage */,
			);
			productName = "Travel Journal";
			productReference = 7609F9962BD1D69300C762A7 /* Travel Journal.app */;
			productType = "com.apple.product-type.application";
		};
/* End PBXNativeTarget section */

/* Begin PBXProject section */
		7609F98E2BD1D69300C762A7 /* Project object */ = {
			isa = PBXProject;
			attributes = {
				BuildIndependentTargetsInParallel = 1;
				LastSwiftUpdateCheck = 1530;
				LastUpgradeCheck = 1530;
				TargetAttributes = {
					7609F9952BD1D69300C762A7 = {
						CreatedOnToolsVersion = 15.3;
					};
				};
			};
			buildConfigurationList = 7609F9912BD1D69300C762A7 /* Build configuration list for PBXProject "Travel Journal" */;
			compatibilityVersion = "Xcode 14.0";
			developmentRegion = en;
			hasScannedForEncodings = 0;
			knownRegions = (
				en,
				Base,
			);
			mainGroup = 7609F98D2BD1D69300C762A7;
			packageReferences = (
				7609F9A92BD1D89C00C762A7 /* XCRemoteSwiftPackageReference "lottie-ios" */,
				7609F9AC2BD1DAF200C762A7 /* XCRemoteSwiftPackageReference "firebase-ios-sdk" */,
			);
			productRefGroup = 7609F9972BD1D69300C762A7 /* Products */;
			projectDirPath = "";
			projectRoot = "";
			targets = (
				7609F9952BD1D69300C762A7 /* Travel Journal */,
			);
		};
/* End PBXProject section */

/* Begin PBXResourcesBuildPhase section */
		7609F9942BD1D69300C762A7 /* Resources */ = {
			isa = PBXResourcesBuildPhase;
			buildActionMask = 2147483647;
			files = (
				7609F9A12BD1D69500C762A7 /* Preview Assets.xcassets in Resources */,
				7609F99E2BD1D69500C762A7 /* Assets.xcassets in Resources */,
				7609F9C22BD1EDAD00C762A7 /* GoogleService-Info.plist in Resources */,
			);
			runOnlyForDeploymentPostprocessing = 0;
		};
/* End PBXResourcesBuildPhase section */

/* Begin PBXSourcesBuildPhase section */
		7609F9922BD1D69300C762A7 /* Sources */ = {
			isa = PBXSourcesBuildPhase;
			buildActionMask = 2147483647;
			files = (
				7609F9BC2BD1DC8300C762A7 /* JournalViewModel.swift in Sources */,
				7609F9B82BD1DBC100C762A7 /* JournalEntryDetails.swift in Sources */,
				768F277B2BD3F340009649A0 /* PhotosPickerService.swift in Sources */,
				7609F9C62BD1F29800C762A7 /* IndividualJournalEntryCard.swift in Sources */,
				7609F9B62BD1DBB200C762A7 /* AllJournalEntriesList.swift in Sources */,
				7609F9A82BD1D6B200C762A7 /* Models.swift in Sources */,
				7609F9C02BD1EBF900C762A7 /* FullSizeLottieAnimations.swift in Sources */,
				768F27812BD43BD0009649A0 /* EntryHighlightCard.swift in Sources */,
				7609F9B42BD1DB8800C762A7 /* AddJournalHighlight.swift in Sources */,
				763DFCA42BD7E30B00D9D8AE /* MainAppSettingsScreen.swift in Sources */,
				763DFCA62BD7E8ED00D9D8AE /* SettingsItemCard.swift in Sources */,
				7609F9BE2BD1EB9300C762A7 /* LottieAnimatons.swift in Sources */,
				7609F99C2BD1D69300C762A7 /* ContentView.swift in Sources */,
				7609F9BA2BD1DC7200C762A7 /* JournalRepository.swift in Sources */,
				768F277F2BD43BA8009649A0 /* JournalEntryHighlightsSheet.swift in Sources */,
				7609F9C42BD1EE4700C762A7 /* FullSizeLottieButtonAnimations.swift in Sources */,
				763DFCA22BD7E28800D9D8AE /* RootAppNavigation.swift in Sources */,
				7609F9B22BD1DB6D00C762A7 /* AddJournalEntry.swift in Sources */,
				76DFC7ED2BD299E300C77528 /* GeoLocationService.swift in Sources */,
				763DFCA02BD7C23800D9D8AE /* HighlightImagesDialog.swift in Sources */,
				7680D95C2BD746C200989757 /* AddingNewHighlightWidget.swift in Sources */,
				7609F99A2BD1D69300C762A7 /* Travel_JournalApp.swift in Sources */,
				768F277D2BD4002A009649A0 /* AddHighlightLocation.swift in Sources */,
			);
			runOnlyForDeploymentPostprocessing = 0;
		};
/* End PBXSourcesBuildPhase section */

/* Begin XCBuildConfiguration section */
		7609F9A22BD1D69500C762A7 /* Debug */ = {
			isa = XCBuildConfiguration;
			buildSettings = {
				ALWAYS_SEARCH_USER_PATHS = NO;
				ASSETCATALOG_COMPILER_GENERATE_SWIFT_ASSET_SYMBOL_EXTENSIONS = YES;
				CLANG_ANALYZER_NONNULL = YES;
				CLANG_ANALYZER_NUMBER_OBJECT_CONVERSION = YES_AGGRESSIVE;
				CLANG_CXX_LANGUAGE_STANDARD = "gnu++20";
				CLANG_ENABLE_MODULES = YES;
				CLANG_ENABLE_OBJC_ARC = YES;
				CLANG_ENABLE_OBJC_WEAK = YES;
				CLANG_WARN_BLOCK_CAPTURE_AUTORELEASING = YES;
				CLANG_WARN_BOOL_CONVERSION = YES;
				CLANG_WARN_COMMA = YES;
				CLANG_WARN_CONSTANT_CONVERSION = YES;
				CLANG_WARN_DEPRECATED_OBJC_IMPLEMENTATIONS = YES;
				CLANG_WARN_DIRECT_OBJC_ISA_USAGE = YES_ERROR;
				CLANG_WARN_DOCUMENTATION_COMMENTS = YES;
				CLANG_WARN_EMPTY_BODY = YES;
				CLANG_WARN_ENUM_CONVERSION = YES;
				CLANG_WARN_INFINITE_RECURSION = YES;
				CLANG_WARN_INT_CONVERSION = YES;
				CLANG_WARN_NON_LITERAL_NULL_CONVERSION = YES;
				CLANG_WARN_OBJC_IMPLICIT_RETAIN_SELF = YES;
				CLANG_WARN_OBJC_LITERAL_CONVERSION = YES;
				CLANG_WARN_OBJC_ROOT_CLASS = YES_ERROR;
				CLANG_WARN_QUOTED_INCLUDE_IN_FRAMEWORK_HEADER = YES;
				CLANG_WARN_RANGE_LOOP_ANALYSIS = YES;
				CLANG_WARN_STRICT_PROTOTYPES = YES;
				CLANG_WARN_SUSPICIOUS_MOVE = YES;
				CLANG_WARN_UNGUARDED_AVAILABILITY = YES_AGGRESSIVE;
				CLANG_WARN_UNREACHABLE_CODE = YES;
				CLANG_WARN__DUPLICATE_METHOD_MATCH = YES;
				COPY_PHASE_STRIP = NO;
				DEBUG_INFORMATION_FORMAT = dwarf;
				ENABLE_STRICT_OBJC_MSGSEND = YES;
				ENABLE_TESTABILITY = YES;
				ENABLE_USER_SCRIPT_SANDBOXING = YES;
				GCC_C_LANGUAGE_STANDARD = gnu17;
				GCC_DYNAMIC_NO_PIC = NO;
				GCC_NO_COMMON_BLOCKS = YES;
				GCC_OPTIMIZATION_LEVEL = 0;
				GCC_PREPROCESSOR_DEFINITIONS = (
					"DEBUG=1",
					"$(inherited)",
				);
				GCC_WARN_64_TO_32_BIT_CONVERSION = YES;
				GCC_WARN_ABOUT_RETURN_TYPE = YES_ERROR;
				GCC_WARN_UNDECLARED_SELECTOR = YES;
				GCC_WARN_UNINITIALIZED_AUTOS = YES_AGGRESSIVE;
				GCC_WARN_UNUSED_FUNCTION = YES;
				GCC_WARN_UNUSED_VARIABLE = YES;
				IPHONEOS_DEPLOYMENT_TARGET = 17.4;
				LOCALIZATION_PREFERS_STRING_CATALOGS = YES;
				MTL_ENABLE_DEBUG_INFO = INCLUDE_SOURCE;
				MTL_FAST_MATH = YES;
				ONLY_ACTIVE_ARCH = YES;
				SDKROOT = iphoneos;
				SWIFT_ACTIVE_COMPILATION_CONDITIONS = "DEBUG $(inherited)";
				SWIFT_OPTIMIZATION_LEVEL = "-Onone";
			};
			name = Debug;
		};
		7609F9A32BD1D69500C762A7 /* Release */ = {
			isa = XCBuildConfiguration;
			buildSettings = {
				ALWAYS_SEARCH_USER_PATHS = NO;
				ASSETCATALOG_COMPILER_GENERATE_SWIFT_ASSET_SYMBOL_EXTENSIONS = YES;
				CLANG_ANALYZER_NONNULL = YES;
				CLANG_ANALYZER_NUMBER_OBJECT_CONVERSION = YES_AGGRESSIVE;
				CLANG_CXX_LANGUAGE_STANDARD = "gnu++20";
				CLANG_ENABLE_MODULES = YES;
				CLANG_ENABLE_OBJC_ARC = YES;
				CLANG_ENABLE_OBJC_WEAK = YES;
				CLANG_WARN_BLOCK_CAPTURE_AUTORELEASING = YES;
				CLANG_WARN_BOOL_CONVERSION = YES;
				CLANG_WARN_COMMA = YES;
				CLANG_WARN_CONSTANT_CONVERSION = YES;
				CLANG_WARN_DEPRECATED_OBJC_IMPLEMENTATIONS = YES;
				CLANG_WARN_DIRECT_OBJC_ISA_USAGE = YES_ERROR;
				CLANG_WARN_DOCUMENTATION_COMMENTS = YES;
				CLANG_WARN_EMPTY_BODY = YES;
				CLANG_WARN_ENUM_CONVERSION = YES;
				CLANG_WARN_INFINITE_RECURSION = YES;
				CLANG_WARN_INT_CONVERSION = YES;
				CLANG_WARN_NON_LITERAL_NULL_CONVERSION = YES;
				CLANG_WARN_OBJC_IMPLICIT_RETAIN_SELF = YES;
				CLANG_WARN_OBJC_LITERAL_CONVERSION = YES;
				CLANG_WARN_OBJC_ROOT_CLASS = YES_ERROR;
				CLANG_WARN_QUOTED_INCLUDE_IN_FRAMEWORK_HEADER = YES;
				CLANG_WARN_RANGE_LOOP_ANALYSIS = YES;
				CLANG_WARN_STRICT_PROTOTYPES = YES;
				CLANG_WARN_SUSPICIOUS_MOVE = YES;
				CLANG_WARN_UNGUARDED_AVAILABILITY = YES_AGGRESSIVE;
				CLANG_WARN_UNREACHABLE_CODE = YES;
				CLANG_WARN__DUPLICATE_METHOD_MATCH = YES;
				COPY_PHASE_STRIP = NO;
				DEBUG_INFORMATION_FORMAT = "dwarf-with-dsym";
				ENABLE_NS_ASSERTIONS = NO;
				ENABLE_STRICT_OBJC_MSGSEND = YES;
				ENABLE_USER_SCRIPT_SANDBOXING = YES;
				GCC_C_LANGUAGE_STANDARD = gnu17;
				GCC_NO_COMMON_BLOCKS = YES;
				GCC_WARN_64_TO_32_BIT_CONVERSION = YES;
				GCC_WARN_ABOUT_RETURN_TYPE = YES_ERROR;
				GCC_WARN_UNDECLARED_SELECTOR = YES;
				GCC_WARN_UNINITIALIZED_AUTOS = YES_AGGRESSIVE;
				GCC_WARN_UNUSED_FUNCTION = YES;
				GCC_WARN_UNUSED_VARIABLE = YES;
				IPHONEOS_DEPLOYMENT_TARGET = 17.4;
				LOCALIZATION_PREFERS_STRING_CATALOGS = YES;
				MTL_ENABLE_DEBUG_INFO = NO;
				MTL_FAST_MATH = YES;
				SDKROOT = iphoneos;
				SWIFT_COMPILATION_MODE = wholemodule;
				VALIDATE_PRODUCT = YES;
			};
			name = Release;
		};
		7609F9A52BD1D69500C762A7 /* Debug */ = {
			isa = XCBuildConfiguration;
			buildSettings = {
				ASSETCATALOG_COMPILER_APPICON_NAME = AppIcon;
				ASSETCATALOG_COMPILER_GLOBAL_ACCENT_COLOR_NAME = AccentColor;
				CODE_SIGN_STYLE = Automatic;
				CURRENT_PROJECT_VERSION = 1;
				DEVELOPMENT_ASSET_PATHS = "\"Travel Journal/Preview Content\"";
				ENABLE_PREVIEWS = YES;
				GENERATE_INFOPLIST_FILE = YES;
				INFOPLIST_KEY_UIApplicationSceneManifest_Generation = YES;
				INFOPLIST_KEY_UIApplicationSupportsIndirectInputEvents = YES;
				INFOPLIST_KEY_UILaunchScreen_Generation = YES;
				INFOPLIST_KEY_UISupportedInterfaceOrientations_iPad = "UIInterfaceOrientationPortrait UIInterfaceOrientationPortraitUpsideDown UIInterfaceOrientationLandscapeLeft UIInterfaceOrientationLandscapeRight";
				INFOPLIST_KEY_UISupportedInterfaceOrientations_iPhone = "UIInterfaceOrientationPortrait UIInterfaceOrientationLandscapeLeft UIInterfaceOrientationLandscapeRight";
				LD_RUNPATH_SEARCH_PATHS = (
					"$(inherited)",
					"@executable_path/Frameworks",
				);
				MARKETING_VERSION = 1.0;
				PRODUCT_BUNDLE_IDENTIFIER = "com.muindogituku.Travel-Journal";
				PRODUCT_NAME = "$(TARGET_NAME)";
				SWIFT_EMIT_LOC_STRINGS = YES;
				SWIFT_VERSION = 5.0;
				TARGETED_DEVICE_FAMILY = "1,2";
			};
			name = Debug;
		};
		7609F9A62BD1D69500C762A7 /* Release */ = {
			isa = XCBuildConfiguration;
			buildSettings = {
				ASSETCATALOG_COMPILER_APPICON_NAME = AppIcon;
				ASSETCATALOG_COMPILER_GLOBAL_ACCENT_COLOR_NAME = AccentColor;
				CODE_SIGN_STYLE = Automatic;
				CURRENT_PROJECT_VERSION = 1;
				DEVELOPMENT_ASSET_PATHS = "\"Travel Journal/Preview Content\"";
				ENABLE_PREVIEWS = YES;
				GENERATE_INFOPLIST_FILE = YES;
				INFOPLIST_KEY_UIApplicationSceneManifest_Generation = YES;
				INFOPLIST_KEY_UIApplicationSupportsIndirectInputEvents = YES;
				INFOPLIST_KEY_UILaunchScreen_Generation = YES;
				INFOPLIST_KEY_UISupportedInterfaceOrientations_iPad = "UIInterfaceOrientationPortrait UIInterfaceOrientationPortraitUpsideDown UIInterfaceOrientationLandscapeLeft UIInterfaceOrientationLandscapeRight";
				INFOPLIST_KEY_UISupportedInterfaceOrientations_iPhone = "UIInterfaceOrientationPortrait UIInterfaceOrientationLandscapeLeft UIInterfaceOrientationLandscapeRight";
				LD_RUNPATH_SEARCH_PATHS = (
					"$(inherited)",
					"@executable_path/Frameworks",
				);
				MARKETING_VERSION = 1.0;
				PRODUCT_BUNDLE_IDENTIFIER = "com.muindogituku.Travel-Journal";
				PRODUCT_NAME = "$(TARGET_NAME)";
				SWIFT_EMIT_LOC_STRINGS = YES;
				SWIFT_VERSION = 5.0;
				TARGETED_DEVICE_FAMILY = "1,2";
			};
			name = Release;
		};
/* End XCBuildConfiguration section */

/* Begin XCConfigurationList section */
		7609F9912BD1D69300C762A7 /* Build configuration list for PBXProject "Travel Journal" */ = {
			isa = XCConfigurationList;
			buildConfigurations = (
				7609F9A22BD1D69500C762A7 /* Debug */,
				7609F9A32BD1D69500C762A7 /* Release */,
			);
			defaultConfigurationIsVisible = 0;
			defaultConfigurationName = Release;
		};
		7609F9A42BD1D69500C762A7 /* Build configuration list for PBXNativeTarget "Travel Journal" */ = {
			isa = XCConfigurationList;
			buildConfigurations = (
				7609F9A52BD1D69500C762A7 /* Debug */,
				7609F9A62BD1D69500C762A7 /* Release */,
			);
			defaultConfigurationIsVisible = 0;
			defaultConfigurationName = Release;
		};
/* End XCConfigurationList section */

/* Begin XCRemoteSwiftPackageReference section */
		7609F9A92BD1D89C00C762A7 /* XCRemoteSwiftPackageReference "lottie-ios" */ = {
			isa = XCRemoteSwiftPackageReference;
			repositoryURL = "https://github.com/airbnb/lottie-ios.git";
			requirement = {
				kind = upToNextMajorVersion;
				minimumVersion = 4.4.3;
			};
		};
		7609F9AC2BD1DAF200C762A7 /* XCRemoteSwiftPackageReference "firebase-ios-sdk" */ = {
			isa = XCRemoteSwiftPackageReference;
			repositoryURL = "https://github.com/firebase/firebase-ios-sdk.git";
			requirement = {
				kind = upToNextMajorVersion;
				minimumVersion = 10.24.0;
			};
		};
/* End XCRemoteSwiftPackageReference section */

/* Begin XCSwiftPackageProductDependency section */
		7609F9AA2BD1D89C00C762A7 /* Lottie */ = {
			isa = XCSwiftPackageProductDependency;
			package = 7609F9A92BD1D89C00C762A7 /* XCRemoteSwiftPackageReference "lottie-ios" */;
			productName = Lottie;
		};
		7609F9AD2BD1DAF200C762A7 /* FirebaseFirestore */ = {
			isa = XCSwiftPackageProductDependency;
			package = 7609F9AC2BD1DAF200C762A7 /* XCRemoteSwiftPackageReference "firebase-ios-sdk" */;
			productName = FirebaseFirestore;
		};
		7609F9AF2BD1DAF200C762A7 /* FirebaseStorage */ = {
			isa = XCSwiftPackageProductDependency;
			package = 7609F9AC2BD1DAF200C762A7 /* XCRemoteSwiftPackageReference "firebase-ios-sdk" */;
			productName = FirebaseStorage;
		};
/* End XCSwiftPackageProductDependency section */
	};
	rootObject = 7609F98E2BD1D69300C762A7 /* Project object */;
}
